
Microsoft Visual Studio Solution File, Format Version 12.00
# Visual Studio 15
VisualStudioVersion = 15.0.27130.2027
MinimumVisualStudioVersion = 10.0.40219.1
Project("{D954291E-2A0B-460D-934E-DC6B0785DB48}") = "Xamarin.Android", "Android\Xamarin.Android.shproj", "{6A72575F-9457-445E-9D5E-9449590F7E45}"
EndProject
Project("{D954291E-2A0B-460D-934E-DC6B0785DB48}") = "Xamarin.iOS", "iOS\Xamarin.iOS.shproj", "{451F8DA9-FA45-4A25-8306-B5782D6A99A1}"
EndProject
Project("{D954291E-2A0B-460D-934E-DC6B0785DB48}") = "Xamarin.Interface", "interface\Xamarin.Interface.shproj", "{21E46119-5376-4E5B-B454-6F1251484B90}"
EndProject
Project("{D954291E-2A0B-460D-934E-DC6B0785DB48}") = "DotNetStandardUtility", "DotNetStandardUtility\DotNetStandardUtility.shproj", "{A63142BF-9923-4FC5-BC1A-6AEF89D63EEC}"
EndProject
Project("{FAE04EC0-301F-11D3-BF4B-00C04F79EFBC}") = "UnitTest.Xamarin.Android", "UnitTest.Xamarin.Android\UnitTest.Xamarin.Android.csproj", "{24A68F4D-97C9-4652-AB84-B4988576128B}"
EndProject
Project("{FAE04EC0-301F-11D3-BF4B-00C04F79EFBC}") = "UnitTest.Xamarin.iOS", "UnitTest.Xamarin.iOS\UnitTest.Xamarin.iOS.csproj", "{9ADC09A3-84AD-4E55-8DC6-19399C42DBA2}"
EndProject
Global
	GlobalSection(SharedMSBuildProjectFiles) = preSolution
		interface\interface.projitems*{21e46119-5376-4e5b-b454-6f1251484b90}*SharedItemsImports = 13
		Android\Android.projitems*{24a68f4d-97c9-4652-ab84-b4988576128b}*SharedItemsImports = 4
		DotNetStandardUtility\DotNetStandardUtility.projitems*{24a68f4d-97c9-4652-ab84-b4988576128b}*SharedItemsImports = 4
		interface\interface.projitems*{24a68f4d-97c9-4652-ab84-b4988576128b}*SharedItemsImports = 4
		iOS\iOS.projitems*{451f8da9-fa45-4a25-8306-b5782d6a99a1}*SharedItemsImports = 13
		Android\Android.projitems*{6a72575f-9457-445e-9d5e-9449590f7e45}*SharedItemsImports = 13
		DotNetStandardUtility\DotNetStandardUtility.projitems*{9adc09a3-84ad-4e55-8dc6-19399c42dba2}*SharedItemsImports = 4
		interface\interface.projitems*{9adc09a3-84ad-4e55-8dc6-19399c42dba2}*SharedItemsImports = 4
		iOS\iOS.projitems*{9adc09a3-84ad-4e55-8dc6-19399c42dba2}*SharedItemsImports = 4
		DotNetStandardUtility\DotNetStandardUtility.projitems*{a63142bf-9923-4fc5-bc1a-6aef89d63eec}*SharedItemsImports = 13
	EndGlobalSection
	GlobalSection(SolutionConfigurationPlatforms) = preSolution
		Debug|Any CPU = Debug|Any CPU
		Debug|iPhone = Debug|iPhone
		Debug|iPhoneSimulator = Debug|iPhoneSimulator
		Release|Any CPU = Release|Any CPU
		Release|iPhone = Release|iPhone
		Release|iPhoneSimulator = Release|iPhoneSimulator
	EndGlobalSection
	GlobalSection(ProjectConfigurationPlatforms) = postSolution
		{24A68F4D-97C9-4652-AB84-B4988576128B}.Debug|Any CPU.ActiveCfg = Debug|Any CPU
		{24A68F4D-97C9-4652-AB84-B4988576128B}.Debug|Any CPU.Build.0 = Debug|Any CPU
		{24A68F4D-97C9-4652-AB84-B4988576128B}.Debug|Any CPU.Deploy.0 = Debug|Any CPU
		{24A68F4D-97C9-4652-AB84-B4988576128B}.Debug|iPhone.ActiveCfg = Debug|Any CPU
		{24A68F4D-97C9-4652-AB84-B4988576128B}.Debug|iPhone.Build.0 = Debug|Any CPU
		{24A68F4D-97C9-4652-AB84-B4988576128B}.Debug|iPhone.Deploy.0 = Debug|Any CPU
		{24A68F4D-97C9-4652-AB84-B4988576128B}.Debug|iPhoneSimulator.ActiveCfg = Debug|Any CPU
		{24A68F4D-97C9-4652-AB84-B4988576128B}.Debug|iPhoneSimulator.Build.0 = Debug|Any CPU
		{24A68F4D-97C9-4652-AB84-B4988576128B}.Debug|iPhoneSimulator.Deploy.0 = Debug|Any CPU
		{24A68F4D-97C9-4652-AB84-B4988576128B}.Release|Any CPU.ActiveCfg = Release|Any CPU
		{24A68F4D-97C9-4652-AB84-B4988576128B}.Release|Any CPU.Build.0 = Release|Any CPU
		{24A68F4D-97C9-4652-AB84-B4988576128B}.Release|Any CPU.Deploy.0 = Release|Any CPU
		{24A68F4D-97C9-4652-AB84-B4988576128B}.Release|iPhone.ActiveCfg = Release|Any CPU
		{24A68F4D-97C9-4652-AB84-B4988576128B}.Release|iPhone.Build.0 = Release|Any CPU
		{24A68F4D-97C9-4652-AB84-B4988576128B}.Release|iPhone.Deploy.0 = Release|Any CPU
		{24A68F4D-97C9-4652-AB84-B4988576128B}.Release|iPhoneSimulator.ActiveCfg = Release|Any CPU
		{24A68F4D-97C9-4652-AB84-B4988576128B}.Release|iPhoneSimulator.Build.0 = Release|Any CPU
		{24A68F4D-97C9-4652-AB84-B4988576128B}.Release|iPhoneSimulator.Deploy.0 = Release|Any CPU
		{9ADC09A3-84AD-4E55-8DC6-19399C42DBA2}.Debug|Any CPU.ActiveCfg = Debug|iPhone
		{9ADC09A3-84AD-4E55-8DC6-19399C42DBA2}.Debug|iPhone.ActiveCfg = Debug|iPhone
		{9ADC09A3-84AD-4E55-8DC6-19399C42DBA2}.Debug|iPhone.Build.0 = Debug|iPhone
		{9ADC09A3-84AD-4E55-8DC6-19399C42DBA2}.Debug|iPhoneSimulator.ActiveCfg = Debug|iPhoneSimulator
		{9ADC09A3-84AD-4E55-8DC6-19399C42DBA2}.Debug|iPhoneSimulator.Build.0 = Debug|iPhoneSimulator
		{9ADC09A3-84AD-4E55-8DC6-19399C42DBA2}.Release|Any CPU.ActiveCfg = Release|iPhone
		{9ADC09A3-84AD-4E55-8DC6-19399C42DBA2}.Release|iPhone.ActiveCfg = Release|iPhone
		{9ADC09A3-84AD-4E55-8DC6-19399C42DBA2}.Release|iPhone.Build.0 = Release|iPhone
		{9ADC09A3-84AD-4E55-8DC6-19399C42DBA2}.Release|iPhoneSimulator.ActiveCfg = Release|iPhoneSimulator
		{9ADC09A3-84AD-4E55-8DC6-19399C42DBA2}.Release|iPhoneSimulator.Build.0 = Release|iPhoneSimulator
	EndGlobalSection
	GlobalSection(SolutionProperties) = preSolution
		HideSolutionNode = FALSE
	EndGlobalSection
	GlobalSection(ExtensibilityGlobals) = postSolution
		SolutionGuid = {8C84F99F-96F3-4E0B-9172-5C55FA3AF4CA}
	EndGlobalSection
EndGlobal
